
Microsoft Visual Studio Solution File, Format Version 12.00
# Visual Studio Version 17
VisualStudioVersion = 17.7.34003.232
MinimumVisualStudioVersion = 10.0.40219.1
Project("{FAE04EC0-301F-11D3-BF4B-00C04F79EFBC}") = "ConsoleApp1", "ConsoleApp1.csproj", "{4173BCA2-A1C8-4656-AC85-89A49E893E6D}"
	ProjectSection(ProjectDependencies) = postProject
		{CA7CBEDA-8802-49F8-BCD6-C5625F7A9AE8} = {CA7CBEDA-8802-49F8-BCD6-C5625F7A9AE8}
	EndProjectSection
EndProject
Project("{F2A71F9B-5D33-465A-A702-920D77279786}") = "WebApplication1", "..\WebApplication1\WebApplication1.fsproj", "{6EE1C4DC-2755-4717-A6C6-6B66A033E879}"
EndProject
Project("{FAE04EC0-301F-11D3-BF4B-00C04F79EFBC}") = "WebApp", "..\WebApp\WebApp.csproj", "{DE6F43CA-7805-4D0A-9BE3-428656482711}"
EndProject
Project("{FAE04EC0-301F-11D3-BF4B-00C04F79EFBC}") = "ClassLibrary1", "..\ClassLibrary1\ClassLibrary1.csproj", "{CA7CBEDA-8802-49F8-BCD6-C5625F7A9AE8}"
EndProject
Project("{FAE04EC0-301F-11D3-BF4B-00C04F79EFBC}") = "Day2Assignment1", "..\Day2Assignment1\Day2Assignment1.csproj", "{44FFA0C2-DA1B-4879-B2DA-1D0152F065CD}"
EndProject
Project("{FAE04EC0-301F-11D3-BF4B-00C04F79EFBC}") = "Day2Assignment2", "..\Day2Assignment2\Day2Assignment2.csproj", "{69D4C7CF-B6A1-4FAA-B0D4-1D7E01140FA9}"
	ProjectSection(ProjectDependencies) = postProject
		{CA7CBEDA-8802-49F8-BCD6-C5625F7A9AE8} = {CA7CBEDA-8802-49F8-BCD6-C5625F7A9AE8}
	EndProjectSection
EndProject
Global
	GlobalSection(SolutionConfigurationPlatforms) = preSolution
		Debug|Any CPU = Debug|Any CPU
		Release|Any CPU = Release|Any CPU
	EndGlobalSection
	GlobalSection(ProjectConfigurationPlatforms) = postSolution
		{4173BCA2-A1C8-4656-AC85-89A49E893E6D}.Debug|Any CPU.ActiveCfg = Debug|Any CPU
		{4173BCA2-A1C8-4656-AC85-89A49E893E6D}.Debug|Any CPU.Build.0 = Debug|Any CPU
		{4173BCA2-A1C8-4656-AC85-89A49E893E6D}.Release|Any CPU.ActiveCfg = Release|Any CPU
		{4173BCA2-A1C8-4656-AC85-89A49E893E6D}.Release|Any CPU.Build.0 = Release|Any CPU
		{6EE1C4DC-2755-4717-A6C6-6B66A033E879}.Debug|Any CPU.ActiveCfg = Debug|Any CPU
		{6EE1C4DC-2755-4717-A6C6-6B66A033E879}.Debug|Any CPU.Build.0 = Debug|Any CPU
		{6EE1C4DC-2755-4717-A6C6-6B66A033E879}.Release|Any CPU.ActiveCfg = Release|Any CPU
		{6EE1C4DC-2755-4717-A6C6-6B66A033E879}.Release|Any CPU.Build.0 = Release|Any CPU
		{DE6F43CA-7805-4D0A-9BE3-428656482711}.Debug|Any CPU.ActiveCfg = Debug|Any CPU
		{DE6F43CA-7805-4D0A-9BE3-428656482711}.Debug|Any CPU.Build.0 = Debug|Any CPU
		{DE6F43CA-7805-4D0A-9BE3-428656482711}.Release|Any CPU.ActiveCfg = Release|Any CPU
		{DE6F43CA-7805-4D0A-9BE3-428656482711}.Release|Any CPU.Build.0 = Release|Any CPU
		{CA7CBEDA-8802-49F8-BCD6-C5625F7A9AE8}.Debug|Any CPU.ActiveCfg = Debug|Any CPU
		{CA7CBEDA-8802-49F8-BCD6-C5625F7A9AE8}.Debug|Any CPU.Build.0 = Debug|Any CPU
		{CA7CBEDA-8802-49F8-BCD6-C5625F7A9AE8}.Release|Any CPU.ActiveCfg = Release|Any CPU
		{CA7CBEDA-8802-49F8-BCD6-C5625F7A9AE8}.Release|Any CPU.Build.0 = Release|Any CPU
		{44FFA0C2-DA1B-4879-B2DA-1D0152F065CD}.Debug|Any CPU.ActiveCfg = Debug|Any CPU
		{44FFA0C2-DA1B-4879-B2DA-1D0152F065CD}.Debug|Any CPU.Build.0 = Debug|Any CPU
		{44FFA0C2-DA1B-4879-B2DA-1D0152F065CD}.Release|Any CPU.ActiveCfg = Release|Any CPU
		{44FFA0C2-DA1B-4879-B2DA-1D0152F065CD}.Release|Any CPU.Build.0 = Release|Any CPU
		{69D4C7CF-B6A1-4FAA-B0D4-1D7E01140FA9}.Debug|Any CPU.ActiveCfg = Debug|Any CPU
		{69D4C7CF-B6A1-4FAA-B0D4-1D7E01140FA9}.Debug|Any CPU.Build.0 = Debug|Any CPU
		{69D4C7CF-B6A1-4FAA-B0D4-1D7E01140FA9}.Release|Any CPU.ActiveCfg = Release|Any CPU
		{69D4C7CF-B6A1-4FAA-B0D4-1D7E01140FA9}.Release|Any CPU.Build.0 = Release|Any CPU
	EndGlobalSection
	GlobalSection(SolutionProperties) = preSolution
		HideSolutionNode = FALSE
	EndGlobalSection
	GlobalSection(ExtensibilityGlobals) = postSolution
		SolutionGuid = {A5798D8E-5762-46D2-9224-AB06348E2689}
	EndGlobalSection
EndGlobal
